Schema: UOS_CLAIM_V1
CanonicalID: TASK_TRAVEL_REVIEWS_2026_DEEP_01
ProjectID: TRAVEL_GUIDE_DEPTH
AgentID: AG_TRAVEL_EVIDENCE_REVIEW
LeaseGeneration: 1
LeaseToken: 01f4a0199eca91088c19efabf7ac03b7
ClaimedAt: 2026-09-03T02:17:36Z
LeaseExpiresAt: 2026-09-03T03:47:36Z
FencingToken: 1:01f4a0199eca91088c19efabf7ac03b7
