Schema: UOS_CLAIM_V1
CanonicalID: TASK_QUICKBOARD_UI_01
ProjectID: QUICKBOARD
AgentID: AGENT-GPT56SOL-UOS-PILOT-20260901-001
LeaseGeneration: 1
LeaseToken: e207bb72aa4f07606e3693ec902d0824
ClaimedAt: 2026-08-31T17:13:33Z
LeaseExpiresAt: 2026-08-31T18:43:33Z
FencingToken: 1:e207bb72aa4f07606e3693ec902d0824
