Schema: UOS_CLAIM_V1
CanonicalID: TASK_QUICKBOARD_SPEC_01
ProjectID: QUICKBOARD
AgentID: AGENT-GPT56SOL-UOS-PILOT-20260901-001
LeaseGeneration: 1
LeaseToken: 7f03300b0b489d6dda27ee35f623aa8e
ClaimedAt: 2026-08-31T17:11:48Z
LeaseExpiresAt: 2026-08-31T18:41:48Z
FencingToken: 1:7f03300b0b489d6dda27ee35f623aa8e
