Schema: UOS_CLAIM_V1
CanonicalID: TASK_TRAVEL_SPOT_QINYAN_01
ProjectID: TRAVEL_GUIDE_DEPTH
AgentID: AG_TRAVEL_CULTURE_REVIEWS
LeaseGeneration: 1
LeaseToken: cb01cabb3e47138986ec09b6ed358b4b
ClaimedAt: 2026-09-03T03:52:00Z
LeaseExpiresAt: 2026-09-03T05:22:00Z
FencingToken: 1:cb01cabb3e47138986ec09b6ed358b4b
ClaimAuthority: UOS_CLAIM_BROKER_V2
RequestPath: coordination/claim_requests/AG_TRAVEL_CULTURE_REVIEWS/REQ-TASK_TRAVEL_SPOT_QINYAN_01-G1-cb01cabb3e47.request
GrantID: GRANT-TASK_TRAVEL_SPOT_QINYAN_01-G1-cb01cabb3e47
GrantPath: coordination/claim_grants/AG_TRAVEL_CULTURE_REVIEWS/REQ-TASK_TRAVEL_SPOT_QINYAN_01-G1-cb01cabb3e47.grant
ClaimMode: CREATE
PreviousAgentID: 
PreviousLeaseGeneration: 
PreviousLeaseToken: 
PreviousGrantID: 
PreviousGrantPath: 
ReclaimedFromLockGitBlobSHA: 
FencingRequired: YES
ExecutionEpoch: UOS_EXEC_20260902_01
