Schema: UOS_CLAIM_V1
CanonicalID: TASK_TRAVEL_FOOD_ZHAOMAI_01
ProjectID: TRAVEL_GUIDE_DEPTH
AgentID: AG_TRAVEL_FOOD_DATA
LeaseGeneration: 1
LeaseToken: 7f64d79a809715f1f01557263ed54538
ClaimedAt: 2026-09-03T03:13:10Z
LeaseExpiresAt: 2026-09-03T04:43:10Z
FencingToken: 1:7f64d79a809715f1f01557263ed54538
