Schema: UOS_CLAIM_V1
CanonicalID: TASK_TRAVEL_PROFILE_EVIDENCE_AUDIT_01
ProjectID: TRAVEL_GUIDE_DEPTH
AgentID: AG_TRAVEL_EVIDENCE_REVIEW
LeaseGeneration: 1
LeaseToken: 056ae0f3279271b4ed6869fdff2274a4
ClaimedAt: 2026-09-03T02:22:55Z
LeaseExpiresAt: 2026-09-03T03:52:55Z
FencingToken: 1:056ae0f3279271b4ed6869fdff2274a4
