Schema: UOS_CLAIM_V1
CanonicalID: TASK_QUICKBOARD_LOGIC_01
ProjectID: QUICKBOARD
AgentID: AGENT-GPT56SOL-UOS-PILOT-20260901-001
LeaseGeneration: 1
LeaseToken: 91b8834b8be347e5b2bb0b64e8ea4c35
ClaimedAt: 2026-08-31T17:16:34Z
LeaseExpiresAt: 2026-08-31T18:46:34Z
FencingToken: 1:91b8834b8be347e5b2bb0b64e8ea4c35
