Schema: UOS_CLAIM_V1
CanonicalID: TASK_TRAVEL_SPOT_OLDCITY_01
ProjectID: TRAVEL_GUIDE_DEPTH
AgentID: AG_TRAVEL_CULTURE_REVIEWS
LeaseGeneration: 1
LeaseToken: fcdd6211c83c9ccf84861fd56860cdac
ClaimedAt: 2026-09-03T03:56:30Z
LeaseExpiresAt: 2026-09-03T05:26:30Z
FencingToken: 1:fcdd6211c83c9ccf84861fd56860cdac
ClaimAuthority: UOS_CLAIM_BROKER_V2
RequestPath: coordination/claim_requests/AG_TRAVEL_CULTURE_REVIEWS/REQ-TASK_TRAVEL_SPOT_OLDCITY_01-G1-fcdd6211c83c.request
GrantID: GRANT-TASK_TRAVEL_SPOT_OLDCITY_01-G1-fcdd6211c83c
GrantPath: coordination/claim_grants/AG_TRAVEL_CULTURE_REVIEWS/REQ-TASK_TRAVEL_SPOT_OLDCITY_01-G1-fcdd6211c83c.grant
ClaimMode: CREATE
PreviousAgentID: 
PreviousLeaseGeneration: 
PreviousLeaseToken: 
PreviousGrantID: 
PreviousGrantPath: 
ReclaimedFromLockGitBlobSHA: 
FencingRequired: YES
ExecutionEpoch: UOS_EXEC_20260902_01
