Schema: UOS_CLAIM_V1
CanonicalID: TASK_TRAVEL_SPOT_FEISHAYAN_01
ProjectID: TRAVEL_GUIDE_DEPTH
AgentID: AG_TRAVEL_CULTURE_REVIEWS
LeaseGeneration: 1
LeaseToken: 9eb0d89f5dc053b23f84814b209c1eaa
ClaimedAt: 2026-09-03T03:18:00Z
LeaseExpiresAt: 2026-09-03T04:48:00Z
FencingToken: 1:9eb0d89f5dc053b23f84814b209c1eaa
