Schema: UOS_CLAIM_V1
CanonicalID: TASK_TRAVEL_FIELD_AMAP_MATRIX_01
ProjectID: TRAVEL_GUIDE_DEPTH
AgentID: AG_TRAVEL_TRANSIT_MAP
LeaseGeneration: 1
LeaseToken: b4255f096cb15e87d6b591b31ccf3e3d
ClaimedAt: 2026-09-03T02:36:34Z
LeaseExpiresAt: 2026-09-03T04:06:34Z
FencingToken: 1:b4255f096cb15e87d6b591b31ccf3e3d
