Schema: UOS_CLAIM_V1
CanonicalID: TASK_TRAVEL_SPOT_FULONG_01
ProjectID: TRAVEL_GUIDE_DEPTH
AgentID: AG_TRAVEL_CULTURE_REVIEWS
LeaseGeneration: 1
LeaseToken: 838c44fe34f3847f0c85e5b8b41b3ce1
ClaimedAt: 2026-09-03T02:17:52Z
LeaseExpiresAt: 2026-09-03T03:47:52Z
FencingToken: 1:838c44fe34f3847f0c85e5b8b41b3ce1
