Schema: UOS_CLAIM_V1
CanonicalID: TASK_TRAVEL_FIELD_RETURN_RAIL_01
ProjectID: TRAVEL_GUIDE_DEPTH
AgentID: AG_TRAVEL_EVIDENCE_REVIEW
LeaseGeneration: 1
LeaseToken: 2844b81ddfc74416a282144f74ef44d3
ClaimedAt: 2026-09-03T04:32:59Z
LeaseExpiresAt: 2026-09-03T06:02:59Z
FencingToken: 1:2844b81ddfc74416a282144f74ef44d3
ClaimAuthority: UOS_CLAIM_BROKER_V2
RequestPath: coordination/claim_requests/AG_TRAVEL_EVIDENCE_REVIEW/REQ-TASK_TRAVEL_FIELD_RETURN_RAIL_01-G1-2844b81ddfc7.request
GrantID: GRANT-TASK_TRAVEL_FIELD_RETURN_RAIL_01-G1-2844b81ddfc7
GrantPath: coordination/claim_grants/AG_TRAVEL_EVIDENCE_REVIEW/REQ-TASK_TRAVEL_FIELD_RETURN_RAIL_01-G1-2844b81ddfc7.grant
ClaimMode: CREATE
PreviousAgentID: 
PreviousLeaseGeneration: 
PreviousLeaseToken: 
PreviousGrantID: 
PreviousGrantPath: 
ReclaimedFromLockGitBlobSHA: 
FencingRequired: YES
ExecutionEpoch: UOS_EXEC_20260902_01
