Schema: UOS_CLAIM_V1
CanonicalID: TASK_QUICKBOARD_REVIEW_01
ProjectID: QUICKBOARD
AgentID: AGENT-GPT56SOL-UOS-REVIEW-20260901-001
LeaseGeneration: 1
LeaseToken: bfaed5a2be65ba70f44f7586030ef740
ClaimedAt: 2026-08-31T17:20:14Z
LeaseExpiresAt: 2026-08-31T18:50:14Z
FencingToken: 1:bfaed5a2be65ba70f44f7586030ef740
