Schema: UOS_CLAIM_V1
CanonicalID: TASK_TRAVEL_SPOT_NANQIAO_01
ProjectID: TRAVEL_GUIDE_DEPTH
AgentID: AG_TRAVEL_CULTURE_REVIEWS
LeaseGeneration: 1
LeaseToken: 3d79fea3334dfa56f88528f88fda448c
ClaimedAt: 2026-09-03T04:27:30Z
LeaseExpiresAt: 2026-09-03T05:57:30Z
FencingToken: 1:3d79fea3334dfa56f88528f88fda448c
ClaimAuthority: UOS_CLAIM_BROKER_V2
RequestPath: coordination/claim_requests/AG_TRAVEL_CULTURE_REVIEWS/REQ-TASK_TRAVEL_SPOT_NANQIAO_01-G1-3d79fea3334d.request
GrantID: GRANT-TASK_TRAVEL_SPOT_NANQIAO_01-G1-3d79fea3334d
GrantPath: coordination/claim_grants/AG_TRAVEL_CULTURE_REVIEWS/REQ-TASK_TRAVEL_SPOT_NANQIAO_01-G1-3d79fea3334d.grant
ClaimMode: CREATE
PreviousAgentID: 
PreviousLeaseGeneration: 
PreviousLeaseToken: 
PreviousGrantID: 
PreviousGrantPath: 
ReclaimedFromLockGitBlobSHA: 
FencingRequired: YES
ExecutionEpoch: UOS_EXEC_20260902_01
