Schema: UOS_CLAIM_V1
CanonicalID: TASK_TRAVEL_SPOT_GATE1_01
ProjectID: TRAVEL_GUIDE_DEPTH
AgentID: AG_TRAVEL_TRANSIT_MAP
LeaseGeneration: 1
LeaseToken: 60bdb21e37ac9816a82728ea7024a264
ClaimedAt: 2026-09-03T02:28:38Z
LeaseExpiresAt: 2026-09-03T03:58:38Z
FencingToken: 1:60bdb21e37ac9816a82728ea7024a264
